// !$*UTF8*$!
{
	archiveVersion = 1;
	classes = {
	};
	objectVersion = 55;
	objects = {

/* Begin PBXBuildFile section */
		62106F3927A32C600082C0E9 /* UILabelAttribute.swift in Sources */ = {isa = PBXBuildFile; fileRef = 62106F3827A32C600082C0E9 /* UILabelAttribute.swift */; };
		6272207227AA667B00A933BA /* DatePickerController.swift in Sources */ = {isa = PBXBuildFile; fileRef = 6272207127AA667B00A933BA /* DatePickerController.swift */; };
		6272207727AA9C7E00A933BA /* EmtyListView.swift in Sources */ = {isa = PBXBuildFile; fileRef = 6272207627AA9C7E00A933BA /* EmtyListView.swift */; };
		62D85CD3279DE06B00591422 /* AppDelegate.swift in Sources */ = {isa = PBXBuildFile; fileRef = 62D85CD2279DE06B00591422 /* AppDelegate.swift */; };
		62D85CD5279DE06B00591422 /* SceneDelegate.swift in Sources */ = {isa = PBXBuildFile; fileRef = 62D85CD4279DE06B00591422 /* SceneDelegate.swift */; };
		62D85CD7279DE06B00591422 /* TaskListViewController.swift in Sources */ = {isa = PBXBuildFile; fileRef = 62D85CD6279DE06B00591422 /* TaskListViewController.swift */; };
		62D85CDC279DE06C00591422 /* Assets.xcassets in Resources */ = {isa = PBXBuildFile; fileRef = 62D85CDB279DE06C00591422 /* Assets.xcassets */; };
		62D85CDF279DE06C00591422 /* LaunchScreen.storyboard in Resources */ = {isa = PBXBuildFile; fileRef = 62D85CDD279DE06C00591422 /* LaunchScreen.storyboard */; };
		62D85CE8279DE0D500591422 /* TaskList.swift in Sources */ = {isa = PBXBuildFile; fileRef = 62D85CE7279DE0D500591422 /* TaskList.swift */; };
		62DD463927A3DEA500E1EC09 /* AddTaskListController.swift in Sources */ = {isa = PBXBuildFile; fileRef = 62DD463827A3DEA500E1EC09 /* AddTaskListController.swift */; };
		62DD463B27A3E0D200E1EC09 /* DateFormat.swift in Sources */ = {isa = PBXBuildFile; fileRef = 62DD463A27A3E0D200E1EC09 /* DateFormat.swift */; };
		62DD463F27A40EAB00E1EC09 /* TaskListCell.swift in Sources */ = {isa = PBXBuildFile; fileRef = 62DD463E27A40EAB00E1EC09 /* TaskListCell.swift */; };
/* End PBXBuildFile section */

/* Begin PBXFileReference section */
		62106F3827A32C600082C0E9 /* UILabelAttribute.swift */ = {isa = PBXFileReference; lastKnownFileType = sourcecode.swift; path = UILabelAttribute.swift; sourceTree = "<group>"; };
		6272207127AA667B00A933BA /* DatePickerController.swift */ = {isa = PBXFileReference; lastKnownFileType = sourcecode.swift; path = DatePickerController.swift; sourceTree = "<group>"; };
		6272207627AA9C7E00A933BA /* EmtyListView.swift */ = {isa = PBXFileReference; lastKnownFileType = sourcecode.swift; path = EmtyListView.swift; sourceTree = "<group>"; };
		62D85CCF279DE06B00591422 /* TaskLisk.app */ = {isa = PBXFileReference; explicitFileType = wrapper.application; includeInIndex = 0; path = TaskLisk.app; sourceTree = BUILT_PRODUCTS_DIR; };
		62D85CD2279DE06B00591422 /* AppDelegate.swift */ = {isa = PBXFileReference; lastKnownFileType = sourcecode.swift; path = AppDelegate.swift; sourceTree = "<group>"; };
		62D85CD4279DE06B00591422 /* SceneDelegate.swift */ = {isa = PBXFileReference; lastKnownFileType = sourcecode.swift; path = SceneDelegate.swift; sourceTree = "<group>"; };
		62D85CD6279DE06B00591422 /* TaskListViewController.swift */ = {isa = PBXFileReference; lastKnownFileType = sourcecode.swift; path = TaskListViewController.swift; sourceTree = "<group>"; };
		62D85CDB279DE06C00591422 /* Assets.xcassets */ = {isa = PBXFileReference; lastKnownFileType = folder.assetcatalog; path = Assets.xcassets; sourceTree = "<group>"; };
		62D85CDE279DE06C00591422 /* Base */ = {isa = PBXFileReference; lastKnownFileType = file.storyboard; name = Base; path = Base.lproj/LaunchScreen.storyboard; sourceTree = "<group>"; };
		62D85CE0279DE06C00591422 /* Info.plist */ = {isa = PBXFileReference; lastKnownFileType = text.plist.xml; path = Info.plist; sourceTree = "<group>"; };
		62D85CE7279DE0D500591422 /* TaskList.swift */ = {isa = PBXFileReference; lastKnownFileType = sourcecode.swift; path = TaskList.swift; sourceTree = "<group>"; };
		62DD463827A3DEA500E1EC09 /* AddTaskListController.swift */ = {isa = PBXFileReference; lastKnownFileType = sourcecode.swift; path = AddTaskListController.swift; sourceTree = "<group>"; };
		62DD463A27A3E0D200E1EC09 /* DateFormat.swift */ = {isa = PBXFileReference; lastKnownFileType = sourcecode.swift; path = DateFormat.swift; sourceTree = "<group>"; };
		62DD463E27A40EAB00E1EC09 /* TaskListCell.swift */ = {isa = PBXFileReference; fileEncoding = 4; lastKnownFileType = sourcecode.swift; name = TaskListCell.swift; path = ../../../../../../../.Trash/TaskListCell.swift; sourceTree = "<group>"; };
/* End PBXFileReference section */

/* Begin PBXFrameworksBuildPhase section */
		62D85CCC279DE06B00591422 /* Frameworks */ = {
			isa = PBXFrameworksBuildPhase;
			buildActionMask = 2147483647;
			files = (
			);
			runOnlyForDeploymentPostprocessing = 0;
		};
/* End PBXFrameworksBuildPhase section */

/* Begin PBXGroup section */
		62106F3727A32C3E0082C0E9 /* Extensions */ = {
			isa = PBXGroup;
			children = (
				62106F3827A32C600082C0E9 /* UILabelAttribute.swift */,
				62DD463A27A3E0D200E1EC09 /* DateFormat.swift */,
			);
			path = Extensions;
			sourceTree = "<group>";
		};
		6247E690279EAEE300017156 /* Controllers */ = {
			isa = PBXGroup;
			children = (
				6247E691279EAEFF00017156 /* TaskListContoller */,
				6272207327AA679F00A933BA /* Add Task Contoller */,
			);
			path = Controllers;
			sourceTree = "<group>";
		};
		6247E691279EAEFF00017156 /* TaskListContoller */ = {
			isa = PBXGroup;
			children = (
				62D85CD6279DE06B00591422 /* TaskListViewController.swift */,
				6272207127AA667B00A933BA /* DatePickerController.swift */,
				62DD463E27A40EAB00E1EC09 /* TaskListCell.swift */,
				6272207627AA9C7E00A933BA /* EmtyListView.swift */,
			);
			path = TaskListContoller;
			sourceTree = "<group>";
		};
		6272207327AA679F00A933BA /* Add Task Contoller */ = {
			isa = PBXGroup;
			children = (
				62DD463827A3DEA500E1EC09 /* AddTaskListController.swift */,
			);
			path = "Add Task Contoller";
			sourceTree = "<group>";
		};
		62D85CC6279DE06B00591422 = {
			isa = PBXGroup;
			children = (
				62D85CD1279DE06B00591422 /* TaskLisk */,
				62D85CD0279DE06B00591422 /* Products */,
			);
			sourceTree = "<group>";
		};
		62D85CD0279DE06B00591422 /* Products */ = {
			isa = PBXGroup;
			children = (
				62D85CCF279DE06B00591422 /* TaskLisk.app */,
			);
			name = Products;
			sourceTree = "<group>";
		};
		62D85CD1279DE06B00591422 /* TaskLisk */ = {
			isa = PBXGroup;
			children = (
				62106F3727A32C3E0082C0E9 /* Extensions */,
				62D85CE6279DE0B800591422 /* Model */,
				6247E690279EAEE300017156 /* Controllers */,
				62D85CD2279DE06B00591422 /* AppDelegate.swift */,
				62D85CD4279DE06B00591422 /* SceneDelegate.swift */,
				62D85CDB279DE06C00591422 /* Assets.xcassets */,
				62D85CDD279DE06C00591422 /* LaunchScreen.storyboard */,
				62D85CE0279DE06C00591422 /* Info.plist */,
			);
			path = TaskLisk;
			sourceTree = "<group>";
		};
		62D85CE6279DE0B800591422 /* Model */ = {
			isa = PBXGroup;
			children = (
				62D85CE7279DE0D500591422 /* TaskList.swift */,
			);
			path = Model;
			sourceTree = "<group>";
		};
/* End PBXGroup section */

/* Begin PBXNativeTarget section */
		62D85CCE279DE06B00591422 /* TaskLisk */ = {
			isa = PBXNativeTarget;
			buildConfigurationList = 62D85CE3279DE06C00591422 /* Build configuration list for PBXNativeTarget "TaskLisk" */;
			buildPhases = (
				62D85CCB279DE06B00591422 /* Sources */,
				62D85CCC279DE06B00591422 /* Frameworks */,
				62D85CCD279DE06B00591422 /* Resources */,
			);
			buildRules = (
			);
			dependencies = (
			);
			name = TaskLisk;
			productName = TaskLisk;
			productReference = 62D85CCF279DE06B00591422 /* TaskLisk.app */;
			productType = "com.apple.product-type.application";
		};
/* End PBXNativeTarget section */

/* Begin PBXProject section */
		62D85CC7279DE06B00591422 /* Project object */ = {
			isa = PBXProject;
			attributes = {
				BuildIndependentTargetsInParallel = 1;
				LastSwiftUpdateCheck = 1320;
				LastUpgradeCheck = 1320;
				TargetAttributes = {
					62D85CCE279DE06B00591422 = {
						CreatedOnToolsVersion = 13.2.1;
					};
				};
			};
			buildConfigurationList = 62D85CCA279DE06B00591422 /* Build configuration list for PBXProject "TaskLisk" */;
			compatibilityVersion = "Xcode 13.0";
			developmentRegion = en;
			hasScannedForEncodings = 0;
			knownRegions = (
				en,
				Base,
			);
			mainGroup = 62D85CC6279DE06B00591422;
			productRefGroup = 62D85CD0279DE06B00591422 /* Products */;
			projectDirPath = "";
			projectRoot = "";
			targets = (
				62D85CCE279DE06B00591422 /* TaskLisk */,
			);
		};
/* End PBXProject section */

/* Begin PBXResourcesBuildPhase section */
		62D85CCD279DE06B00591422 /* Resources */ = {
			isa = PBXResourcesBuildPhase;
			buildActionMask = 2147483647;
			files = (
				62D85CDF279DE06C00591422 /* LaunchScreen.storyboard in Resources */,
				62D85CDC279DE06C00591422 /* Assets.xcassets in Resources */,
			);
			runOnlyForDeploymentPostprocessing = 0;
		};
/* End PBXResourcesBuildPhase section */

/* Begin PBXSourcesBuildPhase section */
		62D85CCB279DE06B00591422 /* Sources */ = {
			isa = PBXSourcesBuildPhase;
			buildActionMask = 2147483647;
			files = (
				62D85CE8279DE0D500591422 /* TaskList.swift in Sources */,
				62DD463F27A40EAB00E1EC09 /* TaskListCell.swift in Sources */,
				62DD463B27A3E0D200E1EC09 /* DateFormat.swift in Sources */,
				62D85CD7279DE06B00591422 /* TaskListViewController.swift in Sources */,
				62D85CD3279DE06B00591422 /* AppDelegate.swift in Sources */,
				62D85CD5279DE06B00591422 /* SceneDelegate.swift in Sources */,
				62106F3927A32C600082C0E9 /* UILabelAttribute.swift in Sources */,
				6272207727AA9C7E00A933BA /* EmtyListView.swift in Sources */,
				62DD463927A3DEA500E1EC09 /* AddTaskListController.swift in Sources */,
				6272207227AA667B00A933BA /* DatePickerController.swift in Sources */,
			);
			runOnlyForDeploymentPostprocessing = 0;
		};
/* End PBXSourcesBuildPhase section */

/* Begin PBXVariantGroup section */
		62D85CDD279DE06C00591422 /* LaunchScreen.storyboard */ = {
			isa = PBXVariantGroup;
			children = (
				62D85CDE279DE06C00591422 /* Base */,
			);
			name = LaunchScreen.storyboard;
			sourceTree = "<group>";
		};
/* End PBXVariantGroup section */

/* Begin XCBuildConfiguration section */
		62D85CE1279DE06C00591422 /* Debug */ = {
			isa = XCBuildConfiguration;
			buildSettings = {
				ALWAYS_SEARCH_USER_PATHS = NO;
				CLANG_ANALYZER_NONNULL = YES;
				CLANG_ANALYZER_NUMBER_OBJECT_CONVERSION = YES_AGGRESSIVE;
				CLANG_CXX_LANGUAGE_STANDARD = "gnu++17";
				CLANG_CXX_LIBRARY = "libc++";
				CLANG_ENABLE_MODULES = YES;
				CLANG_ENABLE_OBJC_ARC = YES;
				CLANG_ENABLE_OBJC_WEAK = YES;
				CLANG_WARN_BLOCK_CAPTURE_AUTORELEASING = YES;
				CLANG_WARN_BOOL_CONVERSION = YES;
				CLANG_WARN_COMMA = YES;
				CLANG_WARN_CONSTANT_CONVERSION = YES;
				CLANG_WARN_DEPRECATED_OBJC_IMPLEMENTATIONS = YES;
				CLANG_WARN_DIRECT_OBJC_ISA_USAGE = YES_ERROR;
				CLANG_WARN_DOCUMENTATION_COMMENTS = YES;
				CLANG_WARN_EMPTY_BODY = YES;
				CLANG_WARN_ENUM_CONVERSION = YES;
				CLANG_WARN_INFINITE_RECURSION = YES;
				CLANG_WARN_INT_CONVERSION = YES;
				CLANG_WARN_NON_LITERAL_NULL_CONVERSION = YES;
				CLANG_WARN_OBJC_IMPLICIT_RETAIN_SELF = YES;
				CLANG_WARN_OBJC_LITERAL_CONVERSION = YES;
				CLANG_WARN_OBJC_ROOT_CLASS = YES_ERROR;
				CLANG_WARN_QUOTED_INCLUDE_IN_FRAMEWORK_HEADER = YES;
				CLANG_WARN_RANGE_LOOP_ANALYSIS = YES;
				CLANG_WARN_STRICT_PROTOTYPES = YES;
				CLANG_WARN_SUSPICIOUS_MOVE = YES;
				CLANG_WARN_UNGUARDED_AVAILABILITY = YES_AGGRESSIVE;
				CLANG_WARN_UNREACHABLE_CODE = YES;
				CLANG_WARN__DUPLICATE_METHOD_MATCH = YES;
				COPY_PHASE_STRIP = NO;
				DEBUG_INFORMATION_FORMAT = dwarf;
				ENABLE_STRICT_OBJC_MSGSEND = YES;
				ENABLE_TESTABILITY = YES;
				GCC_C_LANGUAGE_STANDARD = gnu11;
				GCC_DYNAMIC_NO_PIC = NO;
				GCC_NO_COMMON_BLOCKS = YES;
				GCC_OPTIMIZATION_LEVEL = 0;
				GCC_PREPROCESSOR_DEFINITIONS = (
					"DEBUG=1",
					"$(inherited)",
				);
				GCC_WARN_64_TO_32_BIT_CONVERSION = YES;
				GCC_WARN_ABOUT_RETURN_TYPE = YES_ERROR;
				GCC_WARN_UNDECLARED_SELECTOR = YES;
				GCC_WARN_UNINITIALIZED_AUTOS = YES_AGGRESSIVE;
				GCC_WARN_UNUSED_FUNCTION = YES;
				GCC_WARN_UNUSED_VARIABLE = YES;
				IPHONEOS_DEPLOYMENT_TARGET = 15.2;
				MTL_ENABLE_DEBUG_INFO = INCLUDE_SOURCE;
				MTL_FAST_MATH = YES;
				ONLY_ACTIVE_ARCH = YES;
				SDKROOT = iphoneos;
				SWIFT_ACTIVE_COMPILATION_CONDITIONS = DEBUG;
				SWIFT_OPTIMIZATION_LEVEL = "-Onone";
			};
			name = Debug;
		};
		62D85CE2279DE06C00591422 /* Release */ = {
			isa = XCBuildConfiguration;
			buildSettings = {
				ALWAYS_SEARCH_USER_PATHS = NO;
				CLANG_ANALYZER_NONNULL = YES;
				CLANG_ANALYZER_NUMBER_OBJECT_CONVERSION = YES_AGGRESSIVE;
				CLANG_CXX_LANGUAGE_STANDARD = "gnu++17";
				CLANG_CXX_LIBRARY = "libc++";
				CLANG_ENABLE_MODULES = YES;
				CLANG_ENABLE_OBJC_ARC = YES;
				CLANG_ENABLE_OBJC_WEAK = YES;
				CLANG_WARN_BLOCK_CAPTURE_AUTORELEASING = YES;
				CLANG_WARN_BOOL_CONVERSION = YES;
				CLANG_WARN_COMMA = YES;
				CLANG_WARN_CONSTANT_CONVERSION = YES;
				CLANG_WARN_DEPRECATED_OBJC_IMPLEMENTATIONS = YES;
				CLANG_WARN_DIRECT_OBJC_ISA_USAGE = YES_ERROR;
				CLANG_WARN_DOCUMENTATION_COMMENTS = YES;
				CLANG_WARN_EMPTY_BODY = YES;
				CLANG_WARN_ENUM_CONVERSION = YES;
				CLANG_WARN_INFINITE_RECURSION = YES;
				CLANG_WARN_INT_CONVERSION = YES;
				CLANG_WARN_NON_LITERAL_NULL_CONVERSION = YES;
				CLANG_WARN_OBJC_IMPLICIT_RETAIN_SELF = YES;
				CLANG_WARN_OBJC_LITERAL_CONVERSION = YES;
				CLANG_WARN_OBJC_ROOT_CLASS = YES_ERROR;
				CLANG_WARN_QUOTED_INCLUDE_IN_FRAMEWORK_HEADER = YES;
				CLANG_WARN_RANGE_LOOP_ANALYSIS = YES;
				CLANG_WARN_STRICT_PROTOTYPES = YES;
				CLANG_WARN_SUSPICIOUS_MOVE = YES;
				CLANG_WARN_UNGUARDED_AVAILABILITY = YES_AGGRESSIVE;
				CLANG_WARN_UNREACHABLE_CODE = YES;
				CLANG_WARN__DUPLICATE_METHOD_MATCH = YES;
				COPY_PHASE_STRIP = NO;
				DEBUG_INFORMATION_FORMAT = "dwarf-with-dsym";
				ENABLE_NS_ASSERTIONS = NO;
				ENABLE_STRICT_OBJC_MSGSEND = YES;
				GCC_C_LANGUAGE_STANDARD = gnu11;
				GCC_NO_COMMON_BLOCKS = YES;
				GCC_WARN_64_TO_32_BIT_CONVERSION = YES;
				GCC_WARN_ABOUT_RETURN_TYPE = YES_ERROR;
				GCC_WARN_UNDECLARED_SELECTOR = YES;
				GCC_WARN_UNINITIALIZED_AUTOS = YES_AGGRESSIVE;
				GCC_WARN_UNUSED_FUNCTION = YES;
				GCC_WARN_UNUSED_VARIABLE = YES;
				IPHONEOS_DEPLOYMENT_TARGET = 15.2;
				MTL_ENABLE_DEBUG_INFO = NO;
				MTL_FAST_MATH = YES;
				SDKROOT = iphoneos;
				SWIFT_COMPILATION_MODE = wholemodule;
				SWIFT_OPTIMIZATION_LEVEL = "-O";
				VALIDATE_PRODUCT = YES;
			};
			name = Release;
		};
		62D85CE4279DE06C00591422 /* Debug */ = {
			isa = XCBuildConfiguration;
			buildSettings = {
				ASSETCATALOG_COMPILER_APPICON_NAME = AppIcon;
				ASSETCATALOG_COMPILER_GLOBAL_ACCENT_COLOR_NAME = AccentColor;
				CODE_SIGN_STYLE = Automatic;
				CURRENT_PROJECT_VERSION = 1;
				DEVELOPMENT_TEAM = 4N54622VDX;
				GENERATE_INFOPLIST_FILE = YES;
				INFOPLIST_FILE = TaskLisk/Info.plist;
				INFOPLIST_KEY_UIApplicationSupportsIndirectInputEvents = YES;
				INFOPLIST_KEY_UILaunchStoryboardName = LaunchScreen;
				INFOPLIST_KEY_UISupportedInterfaceOrientations_iPad = "UIInterfaceOrientationPortrait UIInterfaceOrientationPortraitUpsideDown UIInterfaceOrientationLandscapeLeft UIInterfaceOrientationLandscapeRight";
				INFOPLIST_KEY_UISupportedInterfaceOrientations_iPhone = "UIInterfaceOrientationPortrait UIInterfaceOrientationLandscapeLeft UIInterfaceOrientationLandscapeRight";
				LD_RUNPATH_SEARCH_PATHS = (
					"$(inherited)",
					"@executable_path/Frameworks",
				);
				MARKETING_VERSION = 1.0;
				PRODUCT_BUNDLE_IDENTIFIER = sweeft.TaskLisk;
				PRODUCT_NAME = "$(TARGET_NAME)";
				SWIFT_EMIT_LOC_STRINGS = YES;
				SWIFT_VERSION = 5.0;
				TARGETED_DEVICE_FAMILY = "1,2";
			};
			name = Debug;
		};
		62D85CE5279DE06C00591422 /* Release */ = {
			isa = XCBuildConfiguration;
			buildSettings = {
				ASSETCATALOG_COMPILER_APPICON_NAME = AppIcon;
				ASSETCATALOG_COMPILER_GLOBAL_ACCENT_COLOR_NAME = AccentColor;
				CODE_SIGN_STYLE = Automatic;
				CURRENT_PROJECT_VERSION = 1;
				DEVELOPMENT_TEAM = 4N54622VDX;
				GENERATE_INFOPLIST_FILE = YES;
				INFOPLIST_FILE = TaskLisk/Info.plist;
				INFOPLIST_KEY_UIApplicationSupportsIndirectInputEvents = YES;
				INFOPLIST_KEY_UILaunchStoryboardName = LaunchScreen;
				INFOPLIST_KEY_UISupportedInterfaceOrientations_iPad = "UIInterfaceOrientationPortrait UIInterfaceOrientationPortraitUpsideDown UIInterfaceOrientationLandscapeLeft UIInterfaceOrientationLandscapeRight";
				INFOPLIST_KEY_UISupportedInterfaceOrientations_iPhone = "UIInterfaceOrientationPortrait UIInterfaceOrientationLandscapeLeft UIInterfaceOrientationLandscapeRight";
				LD_RUNPATH_SEARCH_PATHS = (
					"$(inherited)",
					"@executable_path/Frameworks",
				);
				MARKETING_VERSION = 1.0;
				PRODUCT_BUNDLE_IDENTIFIER = sweeft.TaskLisk;
				PRODUCT_NAME = "$(TARGET_NAME)";
				SWIFT_EMIT_LOC_STRINGS = YES;
				SWIFT_VERSION = 5.0;
				TARGETED_DEVICE_FAMILY = "1,2";
			};
			name = Release;
		};
/* End XCBuildConfiguration section */

/* Begin XCConfigurationList section */
		62D85CCA279DE06B00591422 /* Build configuration list for PBXProject "TaskLisk" */ = {
			isa = XCConfigurationList;
			buildConfigurations = (
				62D85CE1279DE06C00591422 /* Debug */,
				62D85CE2279DE06C00591422 /* Release */,
			);
			defaultConfigurationIsVisible = 0;
			defaultConfigurationName = Release;
		};
		62D85CE3279DE06C00591422 /* Build configuration list for PBXNativeTarget "TaskLisk" */ = {
			isa = XCConfigurationList;
			buildConfigurations = (
				62D85CE4279DE06C00591422 /* Debug */,
				62D85CE5279DE06C00591422 /* Release */,
			);
			defaultConfigurationIsVisible = 0;
			defaultConfigurationName = Release;
		};
/* End XCConfigurationList section */
	};
	rootObject = 62D85CC7279DE06B00591422 /* Project object */;
}
